<?xml version="1.0" encoding="utf-8"?>
<Project ToolsVersion="4.0" xmlns="http://schemas.microsoft.com/developer/msbuild/2003">
  <ItemGroup>
    <Filter Include="Src">
      <UniqueIdentifier>{20d253cf-a81e-49a0-b641-b27af4bdf286}</UniqueIdentifier>
    </Filter>
    <Filter Include="Src\Core">
      <UniqueIdentifier>{860d04ea-7ccc-4b78-8a76-a41c87963e3c}</UniqueIdentifier>
    </Filter>
    <Filter Include="Src\Graphics">
      <UniqueIdentifier>{928925d3-5780-4313-81b0-139e42cb7b2b}</UniqueIdentifier>
    </Filter>
    <Filter Include="Src\Renderer">
      <UniqueIdentifier>{46913aa9-0cf0-4493-9cb6-8b8ac0700112}</UniqueIdentifier>
    </Filter>
    <Filter Include="Src\Utils">
      <UniqueIdentifier>{a6e868d0-d807-4a0f-8741-e3cd89e16b26}</UniqueIdentifier>
    </Filter>
    <Filter Include="Shaders">
      <UniqueIdentifier>{7d15c08a-598b-401d-8781-5046e24f8ab0}</UniqueIdentifier>
    </Filter>
  </ItemGroup>
  <ItemGroup>
    <ClCompile Include="Src\Utils\pch.cpp">
      <Filter>Src\Utils</Filter>
    </ClCompile>
    <ClCompile Include="Src\Core\client.cpp">
      <Filter>Src\Core</Filter>
    </ClCompile>
  </ItemGroup>
  <ItemGroup>
    <ClInclude Include="Src\Utils\pch.h">
      <Filter>Src\Utils</Filter>
    </ClInclude>
    <ClInclude Include="Src\Utils\d3dx12.h">
      <Filter>Src\Utils</Filter>
    </ClInclude>
  </ItemGroup>
  <ItemGroup>
    <FxCompile Include="Shaders\BasicPS.hlsl">
      <Filter>Shaders</Filter>
    </FxCompile>
    <FxCompile Include="Shaders\BasicVS.hlsl">
      <Filter>Shaders</Filter>
    </FxCompile>
  </ItemGroup>
</Project>